// !$*UTF8*$!
{
	archiveVersion = 1;
	classes = {
	};
	objectVersion = 50;
	objects = {

/* Begin PBXBuildFile section */
		25DE5BCF0902D210F09ED628 /* Pods_SpaceTrader.framework in Frameworks */ = {isa = PBXBuildFile; fileRef = DCB5745D1E033F4C37B23638 /* Pods_SpaceTrader.framework */; };
		7BA5CCFFD52A01AEDBBE33EE /* Pods_SpaceTraderTests.framework in Frameworks */ = {isa = PBXBuildFile; fileRef = 692D600A4BB83DC60CC4E1B2 /* Pods_SpaceTraderTests.framework */; };
		8D63C00F22193C2D006916A6 /* Difficulty.swift in Sources */ = {isa = PBXBuildFile; fileRef = 8D63C00E22193C2D006916A6 /* Difficulty.swift */; };
		8D8E1621226CEA9C00EBDCE2 /* Game.swift in Sources */ = {isa = PBXBuildFile; fileRef = 8D8E1620226CEA9C00EBDCE2 /* Game.swift */; };
		8D8E1623226CEB7600EBDCE2 /* Ship.swift in Sources */ = {isa = PBXBuildFile; fileRef = 8D8E1622226CEB7600EBDCE2 /* Ship.swift */; };
		8D8E1627226CECB900EBDCE2 /* StartViewController.swift in Sources */ = {isa = PBXBuildFile; fileRef = 8D8E1626226CECB900EBDCE2 /* StartViewController.swift */; };
		8D8E162A226CF19C00EBDCE2 /* StarViewController.swift in Sources */ = {isa = PBXBuildFile; fileRef = 8D8E1629226CF19C00EBDCE2 /* StarViewController.swift */; };
		8D8E162D226CFA2900EBDCE2 /* EnumUtils.swift in Sources */ = {isa = PBXBuildFile; fileRef = 8D8E162C226CFA2900EBDCE2 /* EnumUtils.swift */; };
		8D8E162F226CFF9B00EBDCE2 /* TradeGood.swift in Sources */ = {isa = PBXBuildFile; fileRef = 8D8E162E226CFF9B00EBDCE2 /* TradeGood.swift */; };
		8D8E1631226D051900EBDCE2 /* RadicalEvent.swift in Sources */ = {isa = PBXBuildFile; fileRef = 8D8E1630226D051900EBDCE2 /* RadicalEvent.swift */; };
		8D8E1634226D086000EBDCE2 /* MarketPlaceViewController.swift in Sources */ = {isa = PBXBuildFile; fileRef = 8D8E1633226D086000EBDCE2 /* MarketPlaceViewController.swift */; };
		8D8E1637226D2E2F00EBDCE2 /* ShipViewController.swift in Sources */ = {isa = PBXBuildFile; fileRef = 8D8E1636226D2E2F00EBDCE2 /* ShipViewController.swift */; };
		8D8E163A226D465A00EBDCE2 /* MapViewController.swift in Sources */ = {isa = PBXBuildFile; fileRef = 8D8E1639226D465A00EBDCE2 /* MapViewController.swift */; };
		8D8E163D226D530100EBDCE2 /* TitleCollectionViewCell.swift in Sources */ = {isa = PBXBuildFile; fileRef = 8D8E163C226D530100EBDCE2 /* TitleCollectionViewCell.swift */; };
		8D900B9C221B29BF00FD6FC0 /* GoogleService-Info.plist in Resources */ = {isa = PBXBuildFile; fileRef = 8D900B9B221B29BF00FD6FC0 /* GoogleService-Info.plist */; };
		8DBE8D4A222522410094CF6E /* Planet.swift in Sources */ = {isa = PBXBuildFile; fileRef = 8DBE8D49222522410094CF6E /* Planet.swift */; };
		8DBE8D4C222522590094CF6E /* PoliticalSystem.swift in Sources */ = {isa = PBXBuildFile; fileRef = 8DBE8D4B222522590094CF6E /* PoliticalSystem.swift */; };
		8DBE8D4E222522660094CF6E /* ResourceModifier.swift in Sources */ = {isa = PBXBuildFile; fileRef = 8DBE8D4D222522660094CF6E /* ResourceModifier.swift */; };
		8DBE8D50222522740094CF6E /* TechLevel.swift in Sources */ = {isa = PBXBuildFile; fileRef = 8DBE8D4F222522740094CF6E /* TechLevel.swift */; };
		8DBE8D52222522930094CF6E /* StarType.swift in Sources */ = {isa = PBXBuildFile; fileRef = 8DBE8D51222522930094CF6E /* StarType.swift */; };
		8DBE8D542225229D0094CF6E /* Star.swift in Sources */ = {isa = PBXBuildFile; fileRef = 8DBE8D532225229D0094CF6E /* Star.swift */; };
		8DBE8D56222524D80094CF6E /* ShipType.swift in Sources */ = {isa = PBXBuildFile; fileRef = 8DBE8D55222524D80094CF6E /* ShipType.swift */; };
		8DD2FF2B221668BF00E09482 /* AppDelegate.swift in Sources */ = {isa = PBXBuildFile; fileRef = 8DD2FF2A221668BF00E09482 /* AppDelegate.swift */; };
		8DD2FF2D221668BF00E09482 /* CreatePlayerViewController.swift in Sources */ = {isa = PBXBuildFile; fileRef = 8DD2FF2C221668BF00E09482 /* CreatePlayerViewController.swift */; };
		8DD2FF30221668BF00E09482 /* Main.storyboard in Resources */ = {isa = PBXBuildFile; fileRef = 8DD2FF2E221668BF00E09482 /* Main.storyboard */; };
		8DD2FF32221668C100E09482 /* Assets.xcassets in Resources */ = {isa = PBXBuildFile; fileRef = 8DD2FF31221668C100E09482 /* Assets.xcassets */; };
		8DD2FF35221668C100E09482 /* LaunchScreen.storyboard in Resources */ = {isa = PBXBuildFile; fileRef = 8DD2FF33221668C100E09482 /* LaunchScreen.storyboard */; };
		8DD2FF40221668C100E09482 /* SpaceTraderTests.swift in Sources */ = {isa = PBXBuildFile; fileRef = 8DD2FF3F221668C100E09482 /* SpaceTraderTests.swift */; };
		8DD2FF502216738900E09482 /* Player.swift in Sources */ = {isa = PBXBuildFile; fileRef = 8DD2FF4F2216738900E09482 /* Player.swift */; };
/* End PBXBuildFile section */

/* Begin PBXContainerItemProxy section */
		8DD2FF3C221668C100E09482 /* PBXContainerItemProxy */ = {
			isa = PBXContainerItemProxy;
			containerPortal = 8DD2FF1F221668BF00E09482 /* Project object */;
			proxyType = 1;
			remoteGlobalIDString = 8DD2FF26221668BF00E09482;
			remoteInfo = SpaceBroker;
		};
/* End PBXContainerItemProxy section */

/* Begin PBXFileReference section */
		108D1414387F524A020F6EE8 /* Pods-SpaceTraderTests.release.xcconfig */ = {isa = PBXFileReference; includeInIndex = 1; lastKnownFileType = text.xcconfig; name = "Pods-SpaceTraderTests.release.xcconfig"; path = "Pods/Target Support Files/Pods-SpaceTraderTests/Pods-SpaceTraderTests.release.xcconfig"; sourceTree = "<group>"; };
		129BB6B4811066F6BAC9E77B /* Pods_SpaceBrokerTests.framework */ = {isa = PBXFileReference; explicitFileType = wrapper.framework; includeInIndex = 0; path = Pods_SpaceBrokerTests.framework; sourceTree = BUILT_PRODUCTS_DIR; };
		2A7DB4C670289FBB56200350 /* Pods_SpaceBroker.framework */ = {isa = PBXFileReference; explicitFileType = wrapper.framework; includeInIndex = 0; path = Pods_SpaceBroker.framework; sourceTree = BUILT_PRODUCTS_DIR; };
		41F0956DF70880653B92D362 /* Pods-SpaceTrader.debug.xcconfig */ = {isa = PBXFileReference; includeInIndex = 1; lastKnownFileType = text.xcconfig; name = "Pods-SpaceTrader.debug.xcconfig"; path = "Pods/Target Support Files/Pods-SpaceTrader/Pods-SpaceTrader.debug.xcconfig"; sourceTree = "<group>"; };
		46460143395A2C15CC0D7080 /* Pods-SpaceBrokerTests.debug.xcconfig */ = {isa = PBXFileReference; includeInIndex = 1; lastKnownFileType = text.xcconfig; name = "Pods-SpaceBrokerTests.debug.xcconfig"; path = "Pods/Target Support Files/Pods-SpaceBrokerTests/Pods-SpaceBrokerTests.debug.xcconfig"; sourceTree = "<group>"; };
		4DA959907D4949EF7BE9CB7C /* Pods-SpaceTraderTests.debug.xcconfig */ = {isa = PBXFileReference; includeInIndex = 1; lastKnownFileType = text.xcconfig; name = "Pods-SpaceTraderTests.debug.xcconfig"; path = "Pods/Target Support Files/Pods-SpaceTraderTests/Pods-SpaceTraderTests.debug.xcconfig"; sourceTree = "<group>"; };
		59B8541F1532458454C71E1C /* Pods-SpaceBroker.release.xcconfig */ = {isa = PBXFileReference; includeInIndex = 1; lastKnownFileType = text.xcconfig; name = "Pods-SpaceBroker.release.xcconfig"; path = "Pods/Target Support Files/Pods-SpaceBroker/Pods-SpaceBroker.release.xcconfig"; sourceTree = "<group>"; };
		692D600A4BB83DC60CC4E1B2 /* Pods_SpaceTraderTests.framework */ = {isa = PBXFileReference; explicitFileType = wrapper.framework; includeInIndex = 0; path = Pods_SpaceTraderTests.framework; sourceTree = BUILT_PRODUCTS_DIR; };
		8D63C00E22193C2D006916A6 /* Difficulty.swift */ = {isa = PBXFileReference; lastKnownFileType = sourcecode.swift; path = Difficulty.swift; sourceTree = "<group>"; };
		8D8E1620226CEA9C00EBDCE2 /* Game.swift */ = {isa = PBXFileReference; lastKnownFileType = sourcecode.swift; path = Game.swift; sourceTree = "<group>"; };
		8D8E1622226CEB7600EBDCE2 /* Ship.swift */ = {isa = PBXFileReference; lastKnownFileType = sourcecode.swift; path = Ship.swift; sourceTree = "<group>"; };
		8D8E1626226CECB900EBDCE2 /* StartViewController.swift */ = {isa = PBXFileReference; lastKnownFileType = sourcecode.swift; path = StartViewController.swift; sourceTree = "<group>"; };
		8D8E1629226CF19C00EBDCE2 /* StarViewController.swift */ = {isa = PBXFileReference; lastKnownFileType = sourcecode.swift; path = StarViewController.swift; sourceTree = "<group>"; };
		8D8E162C226CFA2900EBDCE2 /* EnumUtils.swift */ = {isa = PBXFileReference; lastKnownFileType = sourcecode.swift; path = EnumUtils.swift; sourceTree = "<group>"; };
		8D8E162E226CFF9B00EBDCE2 /* TradeGood.swift */ = {isa = PBXFileReference; lastKnownFileType = sourcecode.swift; path = TradeGood.swift; sourceTree = "<group>"; };
		8D8E1630226D051900EBDCE2 /* RadicalEvent.swift */ = {isa = PBXFileReference; lastKnownFileType = sourcecode.swift; path = RadicalEvent.swift; sourceTree = "<group>"; };
		8D8E1633226D086000EBDCE2 /* MarketPlaceViewController.swift */ = {isa = PBXFileReference; lastKnownFileType = sourcecode.swift; path = MarketPlaceViewController.swift; sourceTree = "<group>"; };
		8D8E1636226D2E2F00EBDCE2 /* ShipViewController.swift */ = {isa = PBXFileReference; lastKnownFileType = sourcecode.swift; path = ShipViewController.swift; sourceTree = "<group>"; };
		8D8E1639226D465A00EBDCE2 /* MapViewController.swift */ = {isa = PBXFileReference; lastKnownFileType = sourcecode.swift; path = MapViewController.swift; sourceTree = "<group>"; };
		8D8E163C226D530100EBDCE2 /* TitleCollectionViewCell.swift */ = {isa = PBXFileReference; lastKnownFileType = sourcecode.swift; path = TitleCollectionViewCell.swift; sourceTree = "<group>"; };
		8D900B9B221B29BF00FD6FC0 /* GoogleService-Info.plist */ = {isa = PBXFileReference; fileEncoding = 4; lastKnownFileType = text.plist.xml; path = "GoogleService-Info.plist"; sourceTree = "<group>"; };
		8DBE8D49222522410094CF6E /* Planet.swift */ = {isa = PBXFileReference; lastKnownFileType = sourcecode.swift; path = Planet.swift; sourceTree = "<group>"; };
		8DBE8D4B222522590094CF6E /* PoliticalSystem.swift */ = {isa = PBXFileReference; lastKnownFileType = sourcecode.swift; path = PoliticalSystem.swift; sourceTree = "<group>"; };
		8DBE8D4D222522660094CF6E /* ResourceModifier.swift */ = {isa = PBXFileReference; lastKnownFileType = sourcecode.swift; path = ResourceModifier.swift; sourceTree = "<group>"; };
		8DBE8D4F222522740094CF6E /* TechLevel.swift */ = {isa = PBXFileReference; lastKnownFileType = sourcecode.swift; path = TechLevel.swift; sourceTree = "<group>"; };
		8DBE8D51222522930094CF6E /* StarType.swift */ = {isa = PBXFileReference; lastKnownFileType = sourcecode.swift; path = StarType.swift; sourceTree = "<group>"; };
		8DBE8D532225229D0094CF6E /* Star.swift */ = {isa = PBXFileReference; lastKnownFileType = sourcecode.swift; path = Star.swift; sourceTree = "<group>"; };
		8DBE8D55222524D80094CF6E /* ShipType.swift */ = {isa = PBXFileReference; lastKnownFileType = sourcecode.swift; path = ShipType.swift; sourceTree = "<group>"; };
		8DD2FF27221668BF00E09482 /* SpaceTrader.app */ = {isa = PBXFileReference; explicitFileType = wrapper.application; includeInIndex = 0; path = SpaceTrader.app; sourceTree = BUILT_PRODUCTS_DIR; };
		8DD2FF2A221668BF00E09482 /* AppDelegate.swift */ = {isa = PBXFileReference; lastKnownFileType = sourcecode.swift; path = AppDelegate.swift; sourceTree = "<group>"; };
		8DD2FF2C221668BF00E09482 /* CreatePlayerViewController.swift */ = {isa = PBXFileReference; lastKnownFileType = sourcecode.swift; path = CreatePlayerViewController.swift; sourceTree = "<group>"; };
		8DD2FF2F221668BF00E09482 /* Base */ = {isa = PBXFileReference; lastKnownFileType = file.storyboard; name = Base; path = Base.lproj/Main.storyboard; sourceTree = "<group>"; };
		8DD2FF31221668C100E09482 /* Assets.xcassets */ = {isa = PBXFileReference; lastKnownFileType = folder.assetcatalog; path = Assets.xcassets; sourceTree = "<group>"; };
		8DD2FF34221668C100E09482 /* Base */ = {isa = PBXFileReference; lastKnownFileType = file.storyboard; name = Base; path = Base.lproj/LaunchScreen.storyboard; sourceTree = "<group>"; };
		8DD2FF36221668C100E09482 /* Info.plist */ = {isa = PBXFileReference; lastKnownFileType = text.plist.xml; path = Info.plist; sourceTree = "<group>"; };
		8DD2FF3B221668C100E09482 /* SpaceTraderTests.xctest */ = {isa = PBXFileReference; explicitFileType = wrapper.cfbundle; includeInIndex = 0; path = SpaceTraderTests.xctest; sourceTree = BUILT_PRODUCTS_DIR; };
		8DD2FF3F221668C100E09482 /* SpaceTraderTests.swift */ = {isa = PBXFileReference; lastKnownFileType = sourcecode.swift; path = SpaceTraderTests.swift; sourceTree = "<group>"; };
		8DD2FF41221668C100E09482 /* Info.plist */ = {isa = PBXFileReference; lastKnownFileType = text.plist.xml; path = Info.plist; sourceTree = "<group>"; };
		8DD2FF4F2216738900E09482 /* Player.swift */ = {isa = PBXFileReference; lastKnownFileType = sourcecode.swift; path = Player.swift; sourceTree = "<group>"; };
		B3EA8C8432B1A30DA4659840 /* Pods-SpaceBrokerTests.release.xcconfig */ = {isa = PBXFileReference; includeInIndex = 1; lastKnownFileType = text.xcconfig; name = "Pods-SpaceBrokerTests.release.xcconfig"; path = "Pods/Target Support Files/Pods-SpaceBrokerTests/Pods-SpaceBrokerTests.release.xcconfig"; sourceTree = "<group>"; };
		B6984FA56D59576458B10EF2 /* Pods-SpaceBroker.debug.xcconfig */ = {isa = PBXFileReference; includeInIndex = 1; lastKnownFileType = text.xcconfig; name = "Pods-SpaceBroker.debug.xcconfig"; path = "Pods/Target Support Files/Pods-SpaceBroker/Pods-SpaceBroker.debug.xcconfig"; sourceTree = "<group>"; };
		DCB5745D1E033F4C37B23638 /* Pods_SpaceTrader.framework */ = {isa = PBXFileReference; explicitFileType = wrapper.framework; includeInIndex = 0; path = Pods_SpaceTrader.framework; sourceTree = BUILT_PRODUCTS_DIR; };
		EAFBA97805EE0AF8DA80D02C /* Pods-SpaceTrader.release.xcconfig */ = {isa = PBXFileReference; includeInIndex = 1; lastKnownFileType = text.xcconfig; name = "Pods-SpaceTrader.release.xcconfig"; path = "Pods/Target Support Files/Pods-SpaceTrader/Pods-SpaceTrader.release.xcconfig"; sourceTree = "<group>"; };
/* End PBXFileReference section */

/* Begin PBXFrameworksBuildPhase section */
		8DD2FF24221668BF00E09482 /* Frameworks */ = {
			isa = PBXFrameworksBuildPhase;
			buildActionMask = 2147483647;
			files = (
				25DE5BCF0902D210F09ED628 /* Pods_SpaceTrader.framework in Frameworks */,
			);
			runOnlyForDeploymentPostprocessing = 0;
		};
		8DD2FF38221668C100E09482 /* Frameworks */ = {
			isa = PBXFrameworksBuildPhase;
			buildActionMask = 2147483647;
			files = (
				7BA5CCFFD52A01AEDBBE33EE /* Pods_SpaceTraderTests.framework in Frameworks */,
			);
			runOnlyForDeploymentPostprocessing = 0;
		};
/* End PBXFrameworksBuildPhase section */

/* Begin PBXGroup section */
		05D37F3B122C927895858241 /* Pods */ = {
			isa = PBXGroup;
			children = (
				B6984FA56D59576458B10EF2 /* Pods-SpaceBroker.debug.xcconfig */,
				59B8541F1532458454C71E1C /* Pods-SpaceBroker.release.xcconfig */,
				46460143395A2C15CC0D7080 /* Pods-SpaceBrokerTests.debug.xcconfig */,
				B3EA8C8432B1A30DA4659840 /* Pods-SpaceBrokerTests.release.xcconfig */,
				41F0956DF70880653B92D362 /* Pods-SpaceTrader.debug.xcconfig */,
				EAFBA97805EE0AF8DA80D02C /* Pods-SpaceTrader.release.xcconfig */,
				4DA959907D4949EF7BE9CB7C /* Pods-SpaceTraderTests.debug.xcconfig */,
				108D1414387F524A020F6EE8 /* Pods-SpaceTraderTests.release.xcconfig */,
			);
			name = Pods;
			sourceTree = "<group>";
		};
		8D8E1624226CEC7D00EBDCE2 /* CreatePlayer */ = {
			isa = PBXGroup;
			children = (
				8DD2FF2C221668BF00E09482 /* CreatePlayerViewController.swift */,
			);
			path = CreatePlayer;
			sourceTree = "<group>";
		};
		8D8E1625226CECA700EBDCE2 /* Start */ = {
			isa = PBXGroup;
			children = (
				8D8E1626226CECB900EBDCE2 /* StartViewController.swift */,
			);
			path = Start;
			sourceTree = "<group>";
		};
		8D8E1628226CF18F00EBDCE2 /* Star */ = {
			isa = PBXGroup;
			children = (
				8D8E1629226CF19C00EBDCE2 /* StarViewController.swift */,
			);
			path = Star;
			sourceTree = "<group>";
		};
		8D8E162B226CFA1C00EBDCE2 /* Utilities */ = {
			isa = PBXGroup;
			children = (
				8D8E162C226CFA2900EBDCE2 /* EnumUtils.swift */,
			);
			path = Utilities;
			sourceTree = "<group>";
		};
		8D8E1632226D084E00EBDCE2 /* MarketPlace */ = {
			isa = PBXGroup;
			children = (
				8D8E1633226D086000EBDCE2 /* MarketPlaceViewController.swift */,
			);
			path = MarketPlace;
			sourceTree = "<group>";
		};
		8D8E1635226D2E1700EBDCE2 /* Ship */ = {
			isa = PBXGroup;
			children = (
				8D8E1636226D2E2F00EBDCE2 /* ShipViewController.swift */,
			);
			path = Ship;
			sourceTree = "<group>";
		};
		8D8E1638226D464C00EBDCE2 /* Map */ = {
			isa = PBXGroup;
			children = (
				8D8E1639226D465A00EBDCE2 /* MapViewController.swift */,
			);
			path = Map;
			sourceTree = "<group>";
		};
		8D8E163B226D52F400EBDCE2 /* View */ = {
			isa = PBXGroup;
			children = (
				8D8E163C226D530100EBDCE2 /* TitleCollectionViewCell.swift */,
			);
			path = View;
			sourceTree = "<group>";
		};
		8DD2FF1E221668BF00E09482 = {
			isa = PBXGroup;
			children = (
				8DD2FF29221668BF00E09482 /* SpaceTrader */,
				8DD2FF3E221668C100E09482 /* SpaceTraderTests */,
				8DD2FF28221668BF00E09482 /* Products */,
				05D37F3B122C927895858241 /* Pods */,
				A9310865E4A53A8AC1CFA7EA /* Frameworks */,
			);
			sourceTree = "<group>";
		};
		8DD2FF28221668BF00E09482 /* Products */ = {
			isa = PBXGroup;
			children = (
				8DD2FF27221668BF00E09482 /* SpaceTrader.app */,
				8DD2FF3B221668C100E09482 /* SpaceTraderTests.xctest */,
			);
			name = Products;
			sourceTree = "<group>";
		};
		8DD2FF29221668BF00E09482 /* SpaceTrader */ = {
			isa = PBXGroup;
			children = (
				8D8E163B226D52F400EBDCE2 /* View */,
				8D8E162B226CFA1C00EBDCE2 /* Utilities */,
				8DD2FF4E2216696000E09482 /* Controller */,
				8DD2FF4C2216693700E09482 /* Model */,
				8DD2FF4D2216694200E09482 /* SupportingFiles */,
				8DD2FF2A221668BF00E09482 /* AppDelegate.swift */,
				8D900B9B221B29BF00FD6FC0 /* GoogleService-Info.plist */,
			);
			path = SpaceTrader;
			sourceTree = "<group>";
		};
		8DD2FF3E221668C100E09482 /* SpaceTraderTests */ = {
			isa = PBXGroup;
			children = (
				8DD2FF3F221668C100E09482 /* SpaceTraderTests.swift */,
				8DD2FF41221668C100E09482 /* Info.plist */,
			);
			path = SpaceTraderTests;
			sourceTree = "<group>";
		};
		8DD2FF4C2216693700E09482 /* Model */ = {
			isa = PBXGroup;
			children = (
				8DD2FF4F2216738900E09482 /* Player.swift */,
				8D63C00E22193C2D006916A6 /* Difficulty.swift */,
				8DBE8D49222522410094CF6E /* Planet.swift */,
				8DBE8D55222524D80094CF6E /* ShipType.swift */,
				8DBE8D4B222522590094CF6E /* PoliticalSystem.swift */,
				8DBE8D4D222522660094CF6E /* ResourceModifier.swift */,
				8DBE8D4F222522740094CF6E /* TechLevel.swift */,
				8DBE8D51222522930094CF6E /* StarType.swift */,
				8DBE8D532225229D0094CF6E /* Star.swift */,
				8D8E1620226CEA9C00EBDCE2 /* Game.swift */,
				8D8E1622226CEB7600EBDCE2 /* Ship.swift */,
				8D8E162E226CFF9B00EBDCE2 /* TradeGood.swift */,
				8D8E1630226D051900EBDCE2 /* RadicalEvent.swift */,
			);
			path = Model;
			sourceTree = "<group>";
		};
		8DD2FF4D2216694200E09482 /* SupportingFiles */ = {
			isa = PBXGroup;
			children = (
				8DD2FF31221668C100E09482 /* Assets.xcassets */,
				8DD2FF33221668C100E09482 /* LaunchScreen.storyboard */,
				8DD2FF36221668C100E09482 /* Info.plist */,
			);
			path = SupportingFiles;
			sourceTree = "<group>";
		};
		8DD2FF4E2216696000E09482 /* Controller */ = {
			isa = PBXGroup;
			children = (
				8D8E1638226D464C00EBDCE2 /* Map */,
				8D8E1635226D2E1700EBDCE2 /* Ship */,
				8D8E1632226D084E00EBDCE2 /* MarketPlace */,
				8D8E1625226CECA700EBDCE2 /* Start */,
				8D8E1628226CF18F00EBDCE2 /* Star */,
				8D8E1624226CEC7D00EBDCE2 /* CreatePlayer */,
				8DD2FF2E221668BF00E09482 /* Main.storyboard */,
			);
			path = Controller;
			sourceTree = "<group>";
		};
		A9310865E4A53A8AC1CFA7EA /* Frameworks */ = {
			isa = PBXGroup;
			children = (
				2A7DB4C670289FBB56200350 /* Pods_SpaceBroker.framework */,
				129BB6B4811066F6BAC9E77B /* Pods_SpaceBrokerTests.framework */,
				DCB5745D1E033F4C37B23638 /* Pods_SpaceTrader.framework */,
				692D600A4BB83DC60CC4E1B2 /* Pods_SpaceTraderTests.framework */,
			);
			name = Frameworks;
			sourceTree = "<group>";
		};
/* End PBXGroup section */

/* Begin PBXNativeTarget section */
		8DD2FF26221668BF00E09482 /* SpaceTrader */ = {
			isa = PBXNativeTarget;
			buildConfigurationList = 8DD2FF44221668C100E09482 /* Build configuration list for PBXNativeTarget "SpaceTrader" */;
			buildPhases = (
				5F130B4686CB8BB0C0D50FBE /* [CP] Check Pods Manifest.lock */,
				8DD2FF23221668BF00E09482 /* Sources */,
				8DD2FF24221668BF00E09482 /* Frameworks */,
				8DD2FF25221668BF00E09482 /* Resources */,
				62D0406F4513DEE3FF6D58C2 /* [CP] Embed Pods Frameworks */,
			);
			buildRules = (
			);
			dependencies = (
			);
			name = SpaceTrader;
			productName = SpaceBroker;
			productReference = 8DD2FF27221668BF00E09482 /* SpaceTrader.app */;
			productType = "com.apple.product-type.application";
		};
		8DD2FF3A221668C100E09482 /* SpaceTraderTests */ = {
			isa = PBXNativeTarget;
			buildConfigurationList = 8DD2FF47221668C100E09482 /* Build configuration list for PBXNativeTarget "SpaceTraderTests" */;
			buildPhases = (
				57B4E13186E638019FA0CA7F /* [CP] Check Pods Manifest.lock */,
				8DD2FF37221668C100E09482 /* Sources */,
				8DD2FF38221668C100E09482 /* Frameworks */,
				8DD2FF39221668C100E09482 /* Resources */,
			);
			buildRules = (
			);
			dependencies = (
				8DD2FF3D221668C100E09482 /* PBXTargetDependency */,
			);
			name = SpaceTraderTests;
			productName = SpaceBrokerTests;
			productReference = 8DD2FF3B221668C100E09482 /* SpaceTraderTests.xctest */;
			productType = "com.apple.product-type.bundle.unit-test";
		};
/* End PBXNativeTarget section */

/* Begin PBXProject section */
		8DD2FF1F221668BF00E09482 /* Project object */ = {
			isa = PBXProject;
			attributes = {
				LastSwiftUpdateCheck = 1010;
				LastUpgradeCheck = 1010;
				ORGANIZATIONNAME = "Ashley DelVentura";
				TargetAttributes = {
					8DD2FF26221668BF00E09482 = {
						CreatedOnToolsVersion = 10.1;
					};
					8DD2FF3A221668C100E09482 = {
						CreatedOnToolsVersion = 10.1;
						TestTargetID = 8DD2FF26221668BF00E09482;
					};
				};
			};
			buildConfigurationList = 8DD2FF22221668BF00E09482 /* Build configuration list for PBXProject "SpaceTrader" */;
			compatibilityVersion = "Xcode 9.3";
			developmentRegion = en;
			hasScannedForEncodings = 0;
			knownRegions = (
				en,
				Base,
			);
			mainGroup = 8DD2FF1E221668BF00E09482;
			productRefGroup = 8DD2FF28221668BF00E09482 /* Products */;
			projectDirPath = "";
			projectRoot = "";
			targets = (
				8DD2FF26221668BF00E09482 /* SpaceTrader */,
				8DD2FF3A221668C100E09482 /* SpaceTraderTests */,
			);
		};
/* End PBXProject section */

/* Begin PBXResourcesBuildPhase section */
		8DD2FF25221668BF00E09482 /* Resources */ = {
			isa = PBXResourcesBuildPhase;
			buildActionMask = 2147483647;
			files = (
				8DD2FF35221668C100E09482 /* LaunchScreen.storyboard in Resources */,
				8D900B9C221B29BF00FD6FC0 /* GoogleService-Info.plist in Resources */,
				8DD2FF32221668C100E09482 /* Assets.xcassets in Resources */,
				8DD2FF30221668BF00E09482 /* Main.storyboard in Resources */,
			);
			runOnlyForDeploymentPostprocessing = 0;
		};
		8DD2FF39221668C100E09482 /* Resources */ = {
			isa = PBXResourcesBuildPhase;
			buildActionMask = 2147483647;
			files = (
			);
			runOnlyForDeploymentPostprocessing = 0;
		};
/* End PBXResourcesBuildPhase section */

/* Begin PBXShellScriptBuildPhase section */
		57B4E13186E638019FA0CA7F /* [CP] Check Pods Manifest.lock */ = {
			isa = PBXShellScriptBuildPhase;
			buildActionMask = 2147483647;
			files = (
			);
			inputPaths = (
				"${PODS_PODFILE_DIR_PATH}/Podfile.lock",
				"${PODS_ROOT}/Manifest.lock",
			);
			name = "[CP] Check Pods Manifest.lock";
			outputPaths = (
				"$(DERIVED_FILE_DIR)/Pods-SpaceTraderTests-checkManifestLockResult.txt",
			);
			runOnlyForDeploymentPostprocessing = 0;
			shellPath = /bin/sh;
			shellScript = "diff \"${PODS_PODFILE_DIR_PATH}/Podfile.lock\" \"${PODS_ROOT}/Manifest.lock\" > /dev/null\nif [ $? != 0 ] ; then\n    # print error to STDERR\n    echo \"error: The sandbox is not in sync with the Podfile.lock. Run 'pod install' or update your CocoaPods installation.\" >&2\n    exit 1\nfi\n# This output is used by Xcode 'outputs' to avoid re-running this script phase.\necho \"SUCCESS\" > \"${SCRIPT_OUTPUT_FILE_0}\"\n";
			showEnvVarsInLog = 0;
		};
		5F130B4686CB8BB0C0D50FBE /* [CP] Check Pods Manifest.lock */ = {
			isa = PBXShellScriptBuildPhase;
			buildActionMask = 2147483647;
			files = (
			);
			inputPaths = (
				"${PODS_PODFILE_DIR_PATH}/Podfile.lock",
				"${PODS_ROOT}/Manifest.lock",
			);
			name = "[CP] Check Pods Manifest.lock";
			outputPaths = (
				"$(DERIVED_FILE_DIR)/Pods-SpaceTrader-checkManifestLockResult.txt",
			);
			runOnlyForDeploymentPostprocessing = 0;
			shellPath = /bin/sh;
			shellScript = "diff \"${PODS_PODFILE_DIR_PATH}/Podfile.lock\" \"${PODS_ROOT}/Manifest.lock\" > /dev/null\nif [ $? != 0 ] ; then\n    # print error to STDERR\n    echo \"error: The sandbox is not in sync with the Podfile.lock. Run 'pod install' or update your CocoaPods installation.\" >&2\n    exit 1\nfi\n# This output is used by Xcode 'outputs' to avoid re-running this script phase.\necho \"SUCCESS\" > \"${SCRIPT_OUTPUT_FILE_0}\"\n";
			showEnvVarsInLog = 0;
		};
		62D0406F4513DEE3FF6D58C2 /* [CP] Embed Pods Frameworks */ = {
			isa = PBXShellScriptBuildPhase;
			buildActionMask = 2147483647;
			files = (
			);
			inputPaths = (
				"${SRCROOT}/Pods/Target Support Files/Pods-SpaceTrader/Pods-SpaceTrader-frameworks.sh",
				"${BUILT_PRODUCTS_DIR}/GoogleUtilities/GoogleUtilities.framework",
				"${BUILT_PRODUCTS_DIR}/nanopb/nanopb.framework",
			);
			name = "[CP] Embed Pods Frameworks";
			outputPaths = (
				"${TARGET_BUILD_DIR}/${FRAMEWORKS_FOLDER_PATH}/GoogleUtilities.framework",
				"${TARGET_BUILD_DIR}/${FRAMEWORKS_FOLDER_PATH}/nanopb.framework",
			);
			runOnlyForDeploymentPostprocessing = 0;
			shellPath = /bin/sh;
			shellScript = "\"${SRCROOT}/Pods/Target Support Files/Pods-SpaceTrader/Pods-SpaceTrader-frameworks.sh\"\n";
			showEnvVarsInLog = 0;
		};
/* End PBXShellScriptBuildPhase section */

/* Begin PBXSourcesBuildPhase section */
		8DD2FF23221668BF00E09482 /* Sources */ = {
			isa = PBXSourcesBuildPhase;
			buildActionMask = 2147483647;
			files = (
				8D8E162D226CFA2900EBDCE2 /* EnumUtils.swift in Sources */,
				8DBE8D4C222522590094CF6E /* PoliticalSystem.swift in Sources */,
				8D8E1627226CECB900EBDCE2 /* StartViewController.swift in Sources */,
				8D8E1631226D051900EBDCE2 /* RadicalEvent.swift in Sources */,
				8D8E162F226CFF9B00EBDCE2 /* TradeGood.swift in Sources */,
				8D8E163D226D530100EBDCE2 /* TitleCollectionViewCell.swift in Sources */,
				8DBE8D56222524D80094CF6E /* ShipType.swift in Sources */,
				8D8E1637226D2E2F00EBDCE2 /* ShipViewController.swift in Sources */,
				8DBE8D4E222522660094CF6E /* ResourceModifier.swift in Sources */,
				8D8E1634226D086000EBDCE2 /* MarketPlaceViewController.swift in Sources */,
				8D8E162A226CF19C00EBDCE2 /* StarViewController.swift in Sources */,
				8D8E1621226CEA9C00EBDCE2 /* Game.swift in Sources */,
				8DBE8D542225229D0094CF6E /* Star.swift in Sources */,
				8D8E1623226CEB7600EBDCE2 /* Ship.swift in Sources */,
				8D8E163A226D465A00EBDCE2 /* MapViewController.swift in Sources */,
				8DD2FF502216738900E09482 /* Player.swift in Sources */,
				8DD2FF2D221668BF00E09482 /* CreatePlayerViewController.swift in Sources */,
				8DBE8D4A222522410094CF6E /* Planet.swift in Sources */,
				8D63C00F22193C2D006916A6 /* Difficulty.swift in Sources */,
				8DBE8D52222522930094CF6E /* StarType.swift in Sources */,
				8DBE8D50222522740094CF6E /* TechLevel.swift in Sources */,
				8DD2FF2B221668BF00E09482 /* AppDelegate.swift in Sources */,
			);
			runOnlyForDeploymentPostprocessing = 0;
		};
		8DD2FF37221668C100E09482 /* Sources */ = {
			isa = PBXSourcesBuildPhase;
			buildActionMask = 2147483647;
			files = (
				8DD2FF40221668C100E09482 /* SpaceTraderTests.swift in Sources */,
			);
			runOnlyForDeploymentPostprocessing = 0;
		};
/* End PBXSourcesBuildPhase section */

/* Begin PBXTargetDependency section */
		8DD2FF3D221668C100E09482 /* PBXTargetDependency */ = {
			isa = PBXTargetDependency;
			target = 8DD2FF26221668BF00E09482 /* SpaceTrader */;
			targetProxy = 8DD2FF3C221668C100E09482 /* PBXContainerItemProxy */;
		};
/* End PBXTargetDependency section */

/* Begin PBXVariantGroup section */
		8DD2FF2E221668BF00E09482 /* Main.storyboard */ = {
			isa = PBXVariantGroup;
			children = (
				8DD2FF2F221668BF00E09482 /* Base */,
			);
			name = Main.storyboard;
			sourceTree = "<group>";
		};
		8DD2FF33221668C100E09482 /* LaunchScreen.storyboard */ = {
			isa = PBXVariantGroup;
			children = (
				8DD2FF34221668C100E09482 /* Base */,
			);
			name = LaunchScreen.storyboard;
			sourceTree = "<group>";
		};
/* End PBXVariantGroup section */

/* Begin XCBuildConfiguration section */
		8DD2FF42221668C100E09482 /* Debug */ = {
			isa = XCBuildConfiguration;
			buildSettings = {
				ALWAYS_SEARCH_USER_PATHS = NO;
				CLANG_ANALYZER_NONNULL = YES;
				CLANG_ANALYZER_NUMBER_OBJECT_CONVERSION = YES_AGGRESSIVE;
				CLANG_CXX_LANGUAGE_STANDARD = "gnu++14";
				CLANG_CXX_LIBRARY = "libc++";
				CLANG_ENABLE_MODULES = YES;
				CLANG_ENABLE_OBJC_ARC = YES;
				CLANG_ENABLE_OBJC_WEAK = YES;
				CLANG_WARN_BLOCK_CAPTURE_AUTORELEASING = YES;
				CLANG_WARN_BOOL_CONVERSION = YES;
				CLANG_WARN_COMMA = YES;
				CLANG_WARN_CONSTANT_CONVERSION = YES;
				CLANG_WARN_DEPRECATED_OBJC_IMPLEMENTATIONS = YES;
				CLANG_WARN_DIRECT_OBJC_ISA_USAGE = YES_ERROR;
				CLANG_WARN_DOCUMENTATION_COMMENTS = YES;
				CLANG_WARN_EMPTY_BODY = YES;
				CLANG_WARN_ENUM_CONVERSION = YES;
				CLANG_WARN_INFINITE_RECURSION = YES;
				CLANG_WARN_INT_CONVERSION = YES;
				CLANG_WARN_NON_LITERAL_NULL_CONVERSION = YES;
				CLANG_WARN_OBJC_IMPLICIT_RETAIN_SELF = YES;
				CLANG_WARN_OBJC_LITERAL_CONVERSION = YES;
				CLANG_WARN_OBJC_ROOT_CLASS = YES_ERROR;
				CLANG_WARN_RANGE_LOOP_ANALYSIS = YES;
				CLANG_WARN_STRICT_PROTOTYPES = YES;
				CLANG_WARN_SUSPICIOUS_MOVE = YES;
				CLANG_WARN_UNGUARDED_AVAILABILITY = YES_AGGRESSIVE;
				CLANG_WARN_UNREACHABLE_CODE = YES;
				CLANG_WARN__DUPLICATE_METHOD_MATCH = YES;
				CODE_SIGN_IDENTITY = "iPhone Developer";
				COPY_PHASE_STRIP = NO;
				DEBUG_INFORMATION_FORMAT = dwarf;
				ENABLE_STRICT_OBJC_MSGSEND = YES;
				ENABLE_TESTABILITY = YES;
				GCC_C_LANGUAGE_STANDARD = gnu11;
				GCC_DYNAMIC_NO_PIC = NO;
				GCC_NO_COMMON_BLOCKS = YES;
				GCC_OPTIMIZATION_LEVEL = 0;
				GCC_PREPROCESSOR_DEFINITIONS = (
					"DEBUG=1",
					"$(inherited)",
				);
				GCC_WARN_64_TO_32_BIT_CONVERSION = YES;
				GCC_WARN_ABOUT_RETURN_TYPE = YES_ERROR;
				GCC_WARN_UNDECLARED_SELECTOR = YES;
				GCC_WARN_UNINITIALIZED_AUTOS = YES_AGGRESSIVE;
				GCC_WARN_UNUSED_FUNCTION = YES;
				GCC_WARN_UNUSED_VARIABLE = YES;
				IPHONEOS_DEPLOYMENT_TARGET = 12.1;
				MTL_ENABLE_DEBUG_INFO = INCLUDE_SOURCE;
				MTL_FAST_MATH = YES;
				ONLY_ACTIVE_ARCH = YES;
				SDKROOT = iphoneos;
				SWIFT_ACTIVE_COMPILATION_CONDITIONS = DEBUG;
				SWIFT_OPTIMIZATION_LEVEL = "-Onone";
			};
			name = Debug;
		};
		8DD2FF43221668C100E09482 /* Release */ = {
			isa = XCBuildConfiguration;
			buildSettings = {
				ALWAYS_SEARCH_USER_PATHS = NO;
				CLANG_ANALYZER_NONNULL = YES;
				CLANG_ANALYZER_NUMBER_OBJECT_CONVERSION = YES_AGGRESSIVE;
				CLANG_CXX_LANGUAGE_STANDARD = "gnu++14";
				CLANG_CXX_LIBRARY = "libc++";
				CLANG_ENABLE_MODULES = YES;
				CLANG_ENABLE_OBJC_ARC = YES;
				CLANG_ENABLE_OBJC_WEAK = YES;
				CLANG_WARN_BLOCK_CAPTURE_AUTORELEASING = YES;
				CLANG_WARN_BOOL_CONVERSION = YES;
				CLANG_WARN_COMMA = YES;
				CLANG_WARN_CONSTANT_CONVERSION = YES;
				CLANG_WARN_DEPRECATED_OBJC_IMPLEMENTATIONS = YES;
				CLANG_WARN_DIRECT_OBJC_ISA_USAGE = YES_ERROR;
				CLANG_WARN_DOCUMENTATION_COMMENTS = YES;
				CLANG_WARN_EMPTY_BODY = YES;
				CLANG_WARN_ENUM_CONVERSION = YES;
				CLANG_WARN_INFINITE_RECURSION = YES;
				CLANG_WARN_INT_CONVERSION = YES;
				CLANG_WARN_NON_LITERAL_NULL_CONVERSION = YES;
				CLANG_WARN_OBJC_IMPLICIT_RETAIN_SELF = YES;
				CLANG_WARN_OBJC_LITERAL_CONVERSION = YES;
				CLANG_WARN_OBJC_ROOT_CLASS = YES_ERROR;
				CLANG_WARN_RANGE_LOOP_ANALYSIS = YES;
				CLANG_WARN_STRICT_PROTOTYPES = YES;
				CLANG_WARN_SUSPICIOUS_MOVE = YES;
				CLANG_WARN_UNGUARDED_AVAILABILITY = YES_AGGRESSIVE;
				CLANG_WARN_UNREACHABLE_CODE = YES;
				CLANG_WARN__DUPLICATE_METHOD_MATCH = YES;
				CODE_SIGN_IDENTITY = "iPhone Developer";
				COPY_PHASE_STRIP = NO;
				DEBUG_INFORMATION_FORMAT = "dwarf-with-dsym";
				ENABLE_NS_ASSERTIONS = NO;
				ENABLE_STRICT_OBJC_MSGSEND = YES;
				GCC_C_LANGUAGE_STANDARD = gnu11;
				GCC_NO_COMMON_BLOCKS = YES;
				GCC_WARN_64_TO_32_BIT_CONVERSION = YES;
				GCC_WARN_ABOUT_RETURN_TYPE = YES_ERROR;
				GCC_WARN_UNDECLARED_SELECTOR = YES;
				GCC_WARN_UNINITIALIZED_AUTOS = YES_AGGRESSIVE;
				GCC_WARN_UNUSED_FUNCTION = YES;
				GCC_WARN_UNUSED_VARIABLE = YES;
				IPHONEOS_DEPLOYMENT_TARGET = 12.1;
				MTL_ENABLE_DEBUG_INFO = NO;
				MTL_FAST_MATH = YES;
				SDKROOT = iphoneos;
				SWIFT_COMPILATION_MODE = wholemodule;
				SWIFT_OPTIMIZATION_LEVEL = "-O";
				VALIDATE_PRODUCT = YES;
			};
			name = Release;
		};
		8DD2FF45221668C100E09482 /* Debug */ = {
			isa = XCBuildConfiguration;
			baseConfigurationReference = 41F0956DF70880653B92D362 /* Pods-SpaceTrader.debug.xcconfig */;
			buildSettings = {
				ASSETCATALOG_COMPILER_APPICON_NAME = AppIcon;
				CODE_SIGN_STYLE = Automatic;
				DEVELOPMENT_TEAM = NAY4QNQ82N;
				INFOPLIST_FILE = SpaceTrader/SupportingFiles/Info.plist;
				LD_RUNPATH_SEARCH_PATHS = (
					"$(inherited)",
					"@executable_path/Frameworks",
				);
				PRODUCT_BUNDLE_IDENTIFIER = amd.SpaceTrader;
				PRODUCT_NAME = "$(TARGET_NAME)";
				SWIFT_VERSION = 4.2;
				TARGETED_DEVICE_FAMILY = "1,2";
			};
			name = Debug;
		};
		8DD2FF46221668C100E09482 /* Release */ = {
			isa = XCBuildConfiguration;
			baseConfigurationReference = EAFBA97805EE0AF8DA80D02C /* Pods-SpaceTrader.release.xcconfig */;
			buildSettings = {
				ASSETCATALOG_COMPILER_APPICON_NAME = AppIcon;
				CODE_SIGN_STYLE = Automatic;
				DEVELOPMENT_TEAM = NAY4QNQ82N;
				INFOPLIST_FILE = SpaceTrader/SupportingFiles/Info.plist;
				LD_RUNPATH_SEARCH_PATHS = (
					"$(inherited)",
					"@executable_path/Frameworks",
				);
				PRODUCT_BUNDLE_IDENTIFIER = amd.SpaceTrader;
				PRODUCT_NAME = "$(TARGET_NAME)";
				SWIFT_VERSION = 4.2;
				TARGETED_DEVICE_FAMILY = "1,2";
			};
			name = Release;
		};
		8DD2FF48221668C100E09482 /* Debug */ = {
			isa = XCBuildConfiguration;
			baseConfigurationReference = 4DA959907D4949EF7BE9CB7C /* Pods-SpaceTraderTests.debug.xcconfig */;
			buildSettings = {
				ALWAYS_EMBED_SWIFT_STANDARD_LIBRARIES = YES;
				BUNDLE_LOADER = "$(TEST_HOST)";
				CODE_SIGN_STYLE = Automatic;
				INFOPLIST_FILE = SpaceTraderTests/Info.plist;
				LD_RUNPATH_SEARCH_PATHS = (
					"$(inherited)",
					"@executable_path/Frameworks",
					"@loader_path/Frameworks",
				);
				PRODUCT_BUNDLE_IDENTIFIER = amd.SpaceTraderTests;
				PRODUCT_NAME = "$(TARGET_NAME)";
				SWIFT_VERSION = 4.2;
				TARGETED_DEVICE_FAMILY = "1,2";
				TEST_HOST = "$(BUILT_PRODUCTS_DIR)/SpaceTrader.app/SpaceTrader";
			};
			name = Debug;
		};
		8DD2FF49221668C100E09482 /* Release */ = {
			isa = XCBuildConfiguration;
			baseConfigurationReference = 108D1414387F524A020F6EE8 /* Pods-SpaceTraderTests.release.xcconfig */;
			buildSettings = {
				ALWAYS_EMBED_SWIFT_STANDARD_LIBRARIES = YES;
				BUNDLE_LOADER = "$(TEST_HOST)";
				CODE_SIGN_STYLE = Automatic;
				INFOPLIST_FILE = SpaceTraderTests/Info.plist;
				LD_RUNPATH_SEARCH_PATHS = (
					"$(inherited)",
					"@executable_path/Frameworks",
					"@loader_path/Frameworks",
				);
				PRODUCT_BUNDLE_IDENTIFIER = amd.SpaceTraderTests;
				PRODUCT_NAME = "$(TARGET_NAME)";
				SWIFT_VERSION = 4.2;
				TARGETED_DEVICE_FAMILY = "1,2";
				TEST_HOST = "$(BUILT_PRODUCTS_DIR)/SpaceTrader.app/SpaceTrader";
			};
			name = Release;
		};
/* End XCBuildConfiguration section */

/* Begin XCConfigurationList section */
		8DD2FF22221668BF00E09482 /* Build configuration list for PBXProject "SpaceTrader" */ = {
			isa = XCConfigurationList;
			buildConfigurations = (
				8DD2FF42221668C100E09482 /* Debug */,
				8DD2FF43221668C100E09482 /* Release */,
			);
			defaultConfigurationIsVisible = 0;
			defaultConfigurationName = Release;
		};
		8DD2FF44221668C100E09482 /* Build configuration list for PBXNativeTarget "SpaceTrader" */ = {
			isa = XCConfigurationList;
			buildConfigurations = (
				8DD2FF45221668C100E09482 /* Debug */,
				8DD2FF46221668C100E09482 /* Release */,
			);
			defaultConfigurationIsVisible = 0;
			defaultConfigurationName = Release;
		};
		8DD2FF47221668C100E09482 /* Build configuration list for PBXNativeTarget "SpaceTraderTests" */ = {
			isa = XCConfigurationList;
			buildConfigurations = (
				8DD2FF48221668C100E09482 /* Debug */,
				8DD2FF49221668C100E09482 /* Release */,
			);
			defaultConfigurationIsVisible = 0;
			defaultConfigurationName = Release;
		};
/* End XCConfigurationList section */
	};
	rootObject = 8DD2FF1F221668BF00E09482 /* Project object */;
}
